// !$*UTF8*$!
{
	archiveVersion = 1;
	classes = {
	};
	objectVersion = 56;
	objects = {

/* Begin PBXBuildFile section */
		E7A05DB42AD3C88F00BD4FC5 /* Realm in Frameworks */ = {isa = PBXBuildFile; productRef = E7A05DB32AD3C88F00BD4FC5 /* Realm */; };
		E7A05DB62AD3C88F00BD4FC5 /* RealmSwift in Frameworks */ = {isa = PBXBuildFile; productRef = E7A05DB52AD3C88F00BD4FC5 /* RealmSwift */; };
		E7A05DB82AD3CF2E00BD4FC5 /* Item.swift in Sources */ = {isa = PBXBuildFile; fileRef = E7A05DB72AD3CF2E00BD4FC5 /* Item.swift */; };
		E7A05DBA2AD3CF3C00BD4FC5 /* Category.swift in Sources */ = {isa = PBXBuildFile; fileRef = E7A05DB92AD3CF3C00BD4FC5 /* Category.swift */; };
		E7A49AA52ACE902A0045FDE5 /* SceneDelegate.swift in Sources */ = {isa = PBXBuildFile; fileRef = E7A49AA42ACE902A0045FDE5 /* SceneDelegate.swift */; };
		E7A49AA72ACE902A0045FDE5 /* TodoListViewController.swift in Sources */ = {isa = PBXBuildFile; fileRef = E7A49AA62ACE902A0045FDE5 /* TodoListViewController.swift */; };
		E7A49AAA2ACE902A0045FDE5 /* Main.storyboard in Resources */ = {isa = PBXBuildFile; fileRef = E7A49AA82ACE902A0045FDE5 /* Main.storyboard */; };
		E7A49AAC2ACE902C0045FDE5 /* Assets.xcassets in Resources */ = {isa = PBXBuildFile; fileRef = E7A49AAB2ACE902C0045FDE5 /* Assets.xcassets */; };
		E7A49AAF2ACE902C0045FDE5 /* LaunchScreen.storyboard in Resources */ = {isa = PBXBuildFile; fileRef = E7A49AAD2ACE902C0045FDE5 /* LaunchScreen.storyboard */; };
		E7C8286F2AD02A2500F92AAD /* CategoryTableViewController.swift in Sources */ = {isa = PBXBuildFile; fileRef = E7C8286E2AD02A2500F92AAD /* CategoryTableViewController.swift */; };
		E7C828752AD02A5B00F92AAD /* Main.storyboard in Resources */ = {isa = PBXBuildFile; fileRef = E7C828732AD02A5B00F92AAD /* Main.storyboard */; };
		E7C8287C2AD02DBA00F92AAD /* AppDelegate.swift in Sources */ = {isa = PBXBuildFile; fileRef = E7C8287B2AD02DBA00F92AAD /* AppDelegate.swift */; };
/* End PBXBuildFile section */

/* Begin PBXFileReference section */
		E7A05DB72AD3CF2E00BD4FC5 /* Item.swift */ = {isa = PBXFileReference; lastKnownFileType = sourcecode.swift; path = Item.swift; sourceTree = "<group>"; };
		E7A05DB92AD3CF3C00BD4FC5 /* Category.swift */ = {isa = PBXFileReference; lastKnownFileType = sourcecode.swift; path = Category.swift; sourceTree = "<group>"; };
		E7A49A9F2ACE902A0045FDE5 /* Todo App.app */ = {isa = PBXFileReference; explicitFileType = wrapper.application; includeInIndex = 0; path = "Todo App.app"; sourceTree = BUILT_PRODUCTS_DIR; };
		E7A49AA42ACE902A0045FDE5 /* SceneDelegate.swift */ = {isa = PBXFileReference; lastKnownFileType = sourcecode.swift; path = SceneDelegate.swift; sourceTree = "<group>"; };
		E7A49AA62ACE902A0045FDE5 /* TodoListViewController.swift */ = {isa = PBXFileReference; lastKnownFileType = sourcecode.swift; path = TodoListViewController.swift; sourceTree = "<group>"; };
		E7A49AA92ACE902A0045FDE5 /* Base */ = {isa = PBXFileReference; lastKnownFileType = file.storyboard; name = Base; path = Base.lproj/Main.storyboard; sourceTree = "<group>"; };
		E7A49AAB2ACE902C0045FDE5 /* Assets.xcassets */ = {isa = PBXFileReference; lastKnownFileType = folder.assetcatalog; path = Assets.xcassets; sourceTree = "<group>"; };
		E7A49AAE2ACE902C0045FDE5 /* Base */ = {isa = PBXFileReference; lastKnownFileType = file.storyboard; name = Base; path = Base.lproj/LaunchScreen.storyboard; sourceTree = "<group>"; };
		E7A49AB02ACE902C0045FDE5 /* Info.plist */ = {isa = PBXFileReference; lastKnownFileType = text.plist.xml; path = Info.plist; sourceTree = "<group>"; };
		E7C8286E2AD02A2500F92AAD /* CategoryTableViewController.swift */ = {isa = PBXFileReference; fileEncoding = 4; lastKnownFileType = sourcecode.swift; path = CategoryTableViewController.swift; sourceTree = "<group>"; };
		E7C828742AD02A5B00F92AAD /* Base */ = {isa = PBXFileReference; lastKnownFileType = file.storyboard; name = Base; path = View/Base.lproj/Main.storyboard; sourceTree = "<group>"; };
		E7C8287B2AD02DBA00F92AAD /* AppDelegate.swift */ = {isa = PBXFileReference; fileEncoding = 4; lastKnownFileType = sourcecode.swift; path = AppDelegate.swift; sourceTree = "<group>"; };
/* End PBXFileReference section */

/* Begin PBXFrameworksBuildPhase section */
		E7A49A9C2ACE902A0045FDE5 /* Frameworks */ = {
			isa = PBXFrameworksBuildPhase;
			buildActionMask = 2147483647;
			files = (
				E7A05DB62AD3C88F00BD4FC5 /* RealmSwift in Frameworks */,
				E7A05DB42AD3C88F00BD4FC5 /* Realm in Frameworks */,
			);
			runOnlyForDeploymentPostprocessing = 0;
		};
/* End PBXFrameworksBuildPhase section */

/* Begin PBXGroup section */
		E7A49A962ACE902A0045FDE5 = {
			isa = PBXGroup;
			children = (
				E7A49AA12ACE902A0045FDE5 /* Todo App */,
				E7A49AA02ACE902A0045FDE5 /* Products */,
			);
			sourceTree = "<group>";
		};
		E7A49AA02ACE902A0045FDE5 /* Products */ = {
			isa = PBXGroup;
			children = (
				E7A49A9F2ACE902A0045FDE5 /* Todo App.app */,
			);
			name = Products;
			sourceTree = "<group>";
		};
		E7A49AA12ACE902A0045FDE5 /* Todo App */ = {
			isa = PBXGroup;
			children = (
				E7C8287B2AD02DBA00F92AAD /* AppDelegate.swift */,
				E7A49AA42ACE902A0045FDE5 /* SceneDelegate.swift */,
				E7A49AB92ACEDBEF0045FDE5 /* Controller */,
				E7A49AB82ACEDBE50045FDE5 /* Model */,
				E7A49ABA2ACEDBFC0045FDE5 /* View */,
				E7A49AAB2ACE902C0045FDE5 /* Assets.xcassets */,
				E7A49AB02ACE902C0045FDE5 /* Info.plist */,
				E7C828732AD02A5B00F92AAD /* Main.storyboard */,
			);
			path = "Todo App";
			sourceTree = "<group>";
		};
		E7A49AB82ACEDBE50045FDE5 /* Model */ = {
			isa = PBXGroup;
			children = (
				E7A05DB72AD3CF2E00BD4FC5 /* Item.swift */,
				E7A05DB92AD3CF3C00BD4FC5 /* Category.swift */,
			);
			path = Model;
			sourceTree = "<group>";
		};
		E7A49AB92ACEDBEF0045FDE5 /* Controller */ = {
			isa = PBXGroup;
			children = (
				E7C8286E2AD02A2500F92AAD /* CategoryTableViewController.swift */,
				E7A49AA62ACE902A0045FDE5 /* TodoListViewController.swift */,
			);
			path = Controller;
			sourceTree = "<group>";
		};
		E7A49ABA2ACEDBFC0045FDE5 /* View */ = {
			isa = PBXGroup;
			children = (
				E7A49AA82ACE902A0045FDE5 /* Main.storyboard */,
				E7A49AAD2ACE902C0045FDE5 /* LaunchScreen.storyboard */,
			);
			path = View;
			sourceTree = "<group>";
		};
/* End PBXGroup section */

/* Begin PBXNativeTarget section */
		E7A49A9E2ACE902A0045FDE5 /* Todo App */ = {
			isa = PBXNativeTarget;
			buildConfigurationList = E7A49AB32ACE902C0045FDE5 /* Build configuration list for PBXNativeTarget "Todo App" */;
			buildPhases = (
				E7A49A9B2ACE902A0045FDE5 /* Sources */,
				E7A49A9C2ACE902A0045FDE5 /* Frameworks */,
				E7A49A9D2ACE902A0045FDE5 /* Resources */,
			);
			buildRules = (
			);
			dependencies = (
			);
			name = "Todo App";
			packageProductDependencies = (
				E7A05DB32AD3C88F00BD4FC5 /* Realm */,
				E7A05DB52AD3C88F00BD4FC5 /* RealmSwift */,
			);
			productName = "Todo App";
			productReference = E7A49A9F2ACE902A0045FDE5 /* Todo App.app */;
			productType = "com.apple.product-type.application";
		};
/* End PBXNativeTarget section */

/* Begin PBXProject section */
		E7A49A972ACE902A0045FDE5 /* Project object */ = {
			isa = PBXProject;
			attributes = {
				BuildIndependentTargetsInParallel = 1;
				LastSwiftUpdateCheck = 1500;
				LastUpgradeCheck = 1500;
				TargetAttributes = {
					E7A49A9E2ACE902A0045FDE5 = {
						CreatedOnToolsVersion = 15.0;
					};
				};
			};
			buildConfigurationList = E7A49A9A2ACE902A0045FDE5 /* Build configuration list for PBXProject "Todo App" */;
			compatibilityVersion = "Xcode 14.0";
			developmentRegion = en;
			hasScannedForEncodings = 0;
			knownRegions = (
				en,
				Base,
			);
			mainGroup = E7A49A962ACE902A0045FDE5;
			packageReferences = (
				E7A05DB22AD3C88F00BD4FC5 /* XCRemoteSwiftPackageReference "realm-swift" */,
			);
			productRefGroup = E7A49AA02ACE902A0045FDE5 /* Products */;
			projectDirPath = "";
			projectRoot = "";
			targets = (
				E7A49A9E2ACE902A0045FDE5 /* Todo App */,
			);
		};
/* End PBXProject section */

/* Begin PBXResourcesBuildPhase section */
		E7A49A9D2ACE902A0045FDE5 /* Resources */ = {
			isa = PBXResourcesBuildPhase;
			buildActionMask = 2147483647;
			files = (
				E7A49AAF2ACE902C0045FDE5 /* LaunchScreen.storyboard in Resources */,
				E7A49AAC2ACE902C0045FDE5 /* Assets.xcassets in Resources */,
				E7A49AAA2ACE902A0045FDE5 /* Main.storyboard in Resources */,
				E7C828752AD02A5B00F92AAD /* Main.storyboard in Resources */,
			);
			runOnlyForDeploymentPostprocessing = 0;
		};
/* End PBXResourcesBuildPhase section */

/* Begin PBXSourcesBuildPhase section */
		E7A49A9B2ACE902A0045FDE5 /* Sources */ = {
			isa = PBXSourcesBuildPhase;
			buildActionMask = 2147483647;
			files = (
				E7A49AA72ACE902A0045FDE5 /* TodoListViewController.swift in Sources */,
				E7C8286F2AD02A2500F92AAD /* CategoryTableViewController.swift in Sources */,
				E7C8287C2AD02DBA00F92AAD /* AppDelegate.swift in Sources */,
				E7A05DB82AD3CF2E00BD4FC5 /* Item.swift in Sources */,
				E7A49AA52ACE902A0045FDE5 /* SceneDelegate.swift in Sources */,
				E7A05DBA2AD3CF3C00BD4FC5 /* Category.swift in Sources */,
			);
			runOnlyForDeploymentPostprocessing = 0;
		};
/* End PBXSourcesBuildPhase section */

/* Begin PBXVariantGroup section */
		E7A49AA82ACE902A0045FDE5 /* Main.storyboard */ = {
			isa = PBXVariantGroup;
			children = (
				E7A49AA92ACE902A0045FDE5 /* Base */,
			);
			name = Main.storyboard;
			sourceTree = "<group>";
		};
		E7A49AAD2ACE902C0045FDE5 /* LaunchScreen.storyboard */ = {
			isa = PBXVariantGroup;
			children = (
				E7A49AAE2ACE902C0045FDE5 /* Base */,
			);
			name = LaunchScreen.storyboard;
			sourceTree = "<group>";
		};
		E7C828732AD02A5B00F92AAD /* Main.storyboard */ = {
			isa = PBXVariantGroup;
			children = (
				E7C828742AD02A5B00F92AAD /* Base */,
			);
			name = Main.storyboard;
			sourceTree = "<group>";
		};
/* End PBXVariantGroup section */

/* Begin XCBuildConfiguration section */
		E7A49AB12ACE902C0045FDE5 /* Debug */ = {
			isa = XCBuildConfiguration;
			buildSettings = {
				ALWAYS_SEARCH_USER_PATHS = NO;
				ASSETCATALOG_COMPILER_GENERATE_SWIFT_ASSET_SYMBOL_EXTENSIONS = YES;
				CLANG_ANALYZER_NONNULL = YES;
				CLANG_ANALYZER_NUMBER_OBJECT_CONVERSION = YES_AGGRESSIVE;
				CLANG_CXX_LANGUAGE_STANDARD = "gnu++20";
				CLANG_ENABLE_MODULES = YES;
				CLANG_ENABLE_OBJC_ARC = YES;
				CLANG_ENABLE_OBJC_WEAK = YES;
				CLANG_WARN_BLOCK_CAPTURE_AUTORELEASING = YES;
				CLANG_WARN_BOOL_CONVERSION = YES;
				CLANG_WARN_COMMA = YES;
				CLANG_WARN_CONSTANT_CONVERSION = YES;
				CLANG_WARN_DEPRECATED_OBJC_IMPLEMENTATIONS = YES;
				CLANG_WARN_DIRECT_OBJC_ISA_USAGE = YES_ERROR;
				CLANG_WARN_DOCUMENTATION_COMMENTS = YES;
				CLANG_WARN_EMPTY_BODY = YES;
				CLANG_WARN_ENUM_CONVERSION = YES;
				CLANG_WARN_INFINITE_RECURSION = YES;
				CLANG_WARN_INT_CONVERSION = YES;
				CLANG_WARN_NON_LITERAL_NULL_CONVERSION = YES;
				CLANG_WARN_OBJC_IMPLICIT_RETAIN_SELF = YES;
				CLANG_WARN_OBJC_LITERAL_CONVERSION = YES;
				CLANG_WARN_OBJC_ROOT_CLASS = YES_ERROR;
				CLANG_WARN_QUOTED_INCLUDE_IN_FRAMEWORK_HEADER = YES;
				CLANG_WARN_RANGE_LOOP_ANALYSIS = YES;
				CLANG_WARN_STRICT_PROTOTYPES = YES;
				CLANG_WARN_SUSPICIOUS_MOVE = YES;
				CLANG_WARN_UNGUARDED_AVAILABILITY = YES_AGGRESSIVE;
				CLANG_WARN_UNREACHABLE_CODE = YES;
				CLANG_WARN__DUPLICATE_METHOD_MATCH = YES;
				COPY_PHASE_STRIP = NO;
				DEBUG_INFORMATION_FORMAT = dwarf;
				ENABLE_STRICT_OBJC_MSGSEND = YES;
				ENABLE_TESTABILITY = YES;
				ENABLE_USER_SCRIPT_SANDBOXING = YES;
				GCC_C_LANGUAGE_STANDARD = gnu17;
				GCC_DYNAMIC_NO_PIC = NO;
				GCC_NO_COMMON_BLOCKS = YES;
				GCC_OPTIMIZATION_LEVEL = 0;
				GCC_PREPROCESSOR_DEFINITIONS = (
					"DEBUG=1",
					"$(inherited)",
				);
				GCC_WARN_64_TO_32_BIT_CONVERSION = YES;
				GCC_WARN_ABOUT_RETURN_TYPE = YES_ERROR;
				GCC_WARN_UNDECLARED_SELECTOR = YES;
				GCC_WARN_UNINITIALIZED_AUTOS = YES_AGGRESSIVE;
				GCC_WARN_UNUSED_FUNCTION = YES;
				GCC_WARN_UNUSED_VARIABLE = YES;
				IPHONEOS_DEPLOYMENT_TARGET = 15.0;
				LOCALIZATION_PREFERS_STRING_CATALOGS = YES;
				MTL_ENABLE_DEBUG_INFO = INCLUDE_SOURCE;
				MTL_FAST_MATH = YES;
				ONLY_ACTIVE_ARCH = YES;
				SDKROOT = iphoneos;
				SWIFT_ACTIVE_COMPILATION_CONDITIONS = "DEBUG $(inherited)";
				SWIFT_OPTIMIZATION_LEVEL = "-Onone";
			};
			name = Debug;
		};
		E7A49AB22ACE902C0045FDE5 /* Release */ = {
			isa = XCBuildConfiguration;
			buildSettings = {
				ALWAYS_SEARCH_USER_PATHS = NO;
				ASSETCATALOG_COMPILER_GENERATE_SWIFT_ASSET_SYMBOL_EXTENSIONS = YES;
				CLANG_ANALYZER_NONNULL = YES;
				CLANG_ANALYZER_NUMBER_OBJECT_CONVERSION = YES_AGGRESSIVE;
				CLANG_CXX_LANGUAGE_STANDARD = "gnu++20";
				CLANG_ENABLE_MODULES = YES;
				CLANG_ENABLE_OBJC_ARC = YES;
				CLANG_ENABLE_OBJC_WEAK = YES;
				CLANG_WARN_BLOCK_CAPTURE_AUTORELEASING = YES;
				CLANG_WARN_BOOL_CONVERSION = YES;
				CLANG_WARN_COMMA = YES;
				CLANG_WARN_CONSTANT_CONVERSION = YES;
				CLANG_WARN_DEPRECATED_OBJC_IMPLEMENTATIONS = YES;
				CLANG_WARN_DIRECT_OBJC_ISA_USAGE = YES_ERROR;
				CLANG_WARN_DOCUMENTATION_COMMENTS = YES;
				CLANG_WARN_EMPTY_BODY = YES;
				CLANG_WARN_ENUM_CONVERSION = YES;
				CLANG_WARN_INFINITE_RECURSION = YES;
				CLANG_WARN_INT_CONVERSION = YES;
				CLANG_WARN_NON_LITERAL_NULL_CONVERSION = YES;
				CLANG_WARN_OBJC_IMPLICIT_RETAIN_SELF = YES;
				CLANG_WARN_OBJC_LITERAL_CONVERSION = YES;
				CLANG_WARN_OBJC_ROOT_CLASS = YES_ERROR;
				CLANG_WARN_QUOTED_INCLUDE_IN_FRAMEWORK_HEADER = YES;
				CLANG_WARN_RANGE_LOOP_ANALYSIS = YES;
				CLANG_WARN_STRICT_PROTOTYPES = YES;
				CLANG_WARN_SUSPICIOUS_MOVE = YES;
				CLANG_WARN_UNGUARDED_AVAILABILITY = YES_AGGRESSIVE;
				CLANG_WARN_UNREACHABLE_CODE = YES;
				CLANG_WARN__DUPLICATE_METHOD_MATCH = YES;
				COPY_PHASE_STRIP = NO;
				DEBUG_INFORMATION_FORMAT = "dwarf-with-dsym";
				ENABLE_NS_ASSERTIONS = NO;
				ENABLE_STRICT_OBJC_MSGSEND = YES;
				ENABLE_USER_SCRIPT_SANDBOXING = YES;
				GCC_C_LANGUAGE_STANDARD = gnu17;
				GCC_NO_COMMON_BLOCKS = YES;
				GCC_WARN_64_TO_32_BIT_CONVERSION = YES;
				GCC_WARN_ABOUT_RETURN_TYPE = YES_ERROR;
				GCC_WARN_UNDECLARED_SELECTOR = YES;
				GCC_WARN_UNINITIALIZED_AUTOS = YES_AGGRESSIVE;
				GCC_WARN_UNUSED_FUNCTION = YES;
				GCC_WARN_UNUSED_VARIABLE = YES;
				IPHONEOS_DEPLOYMENT_TARGET = 15.0;
				LOCALIZATION_PREFERS_STRING_CATALOGS = YES;
				MTL_ENABLE_DEBUG_INFO = NO;
				MTL_FAST_MATH = YES;
				SDKROOT = iphoneos;
				SWIFT_COMPILATION_MODE = wholemodule;
				VALIDATE_PRODUCT = YES;
			};
			name = Release;
		};
		E7A49AB42ACE902C0045FDE5 /* Debug */ = {
			isa = XCBuildConfiguration;
			buildSettings = {
				ASSETCATALOG_COMPILER_APPICON_NAME = AppIcon;
				ASSETCATALOG_COMPILER_GLOBAL_ACCENT_COLOR_NAME = AccentColor;
				CODE_SIGN_IDENTITY = "Apple Development";
				CODE_SIGN_STYLE = Automatic;
				CURRENT_PROJECT_VERSION = 1;
				DEVELOPMENT_TEAM = A3C564X2KF;
				GENERATE_INFOPLIST_FILE = YES;
				INFOPLIST_FILE = "Todo App/Info.plist";
				INFOPLIST_KEY_UIApplicationSupportsIndirectInputEvents = YES;
				INFOPLIST_KEY_UILaunchStoryboardName = LaunchScreen;
				INFOPLIST_KEY_UIMainStoryboardFile = Main;
				INFOPLIST_KEY_UISupportedInterfaceOrientations_iPad = "UIInterfaceOrientationPortrait UIInterfaceOrientationPortraitUpsideDown UIInterfaceOrientationLandscapeLeft UIInterfaceOrientationLandscapeRight";
				INFOPLIST_KEY_UISupportedInterfaceOrientations_iPhone = "UIInterfaceOrientationPortrait UIInterfaceOrientationLandscapeLeft UIInterfaceOrientationLandscapeRight";
				LD_RUNPATH_SEARCH_PATHS = (
					"$(inherited)",
					"@executable_path/Frameworks",
				);
				MARKETING_VERSION = 1.0;
				PRODUCT_BUNDLE_IDENTIFIER = com.cxr.learndemo;
				PRODUCT_NAME = "$(TARGET_NAME)";
				PROVISIONING_PROFILE_SPECIFIER = "";
				SWIFT_EMIT_LOC_STRINGS = YES;
				SWIFT_VERSION = 5.0;
				TARGETED_DEVICE_FAMILY = "1,2";
			};
			name = Debug;
		};
		E7A49AB52ACE902C0045FDE5 /* Release */ = {
			isa = XCBuildConfiguration;
			buildSettings = {
				ASSETCATALOG_COMPILER_APPICON_NAME = AppIcon;
				ASSETCATALOG_COMPILER_GLOBAL_ACCENT_COLOR_NAME = AccentColor;
				CODE_SIGN_IDENTITY = "Apple Development";
				CODE_SIGN_STYLE = Automatic;
				CURRENT_PROJECT_VERSION = 1;
				DEVELOPMENT_TEAM = A3C564X2KF;
				GENERATE_INFOPLIST_FILE = YES;
				INFOPLIST_FILE = "Todo App/Info.plist";
				INFOPLIST_KEY_UIApplicationSupportsIndirectInputEvents = YES;
				INFOPLIST_KEY_UILaunchStoryboardName = LaunchScreen;
				INFOPLIST_KEY_UIMainStoryboardFile = Main;
				INFOPLIST_KEY_UISupportedInterfaceOrientations_iPad = "UIInterfaceOrientationPortrait UIInterfaceOrientationPortraitUpsideDown UIInterfaceOrientationLandscapeLeft UIInterfaceOrientationLandscapeRight";
				INFOPLIST_KEY_UISupportedInterfaceOrientations_iPhone = "UIInterfaceOrientationPortrait UIInterfaceOrientationLandscapeLeft UIInterfaceOrientationLandscapeRight";
				LD_RUNPATH_SEARCH_PATHS = (
					"$(inherited)",
					"@executable_path/Frameworks",
				);
				MARKETING_VERSION = 1.0;
				PRODUCT_BUNDLE_IDENTIFIER = com.cxr.learndemo;
				PRODUCT_NAME = "$(TARGET_NAME)";
				PROVISIONING_PROFILE_SPECIFIER = "";
				SWIFT_EMIT_LOC_STRINGS = YES;
				SWIFT_VERSION = 5.0;
				TARGETED_DEVICE_FAMILY = "1,2";
			};
			name = Release;
		};
/* End XCBuildConfiguration section */

/* Begin XCConfigurationList section */
		E7A49A9A2ACE902A0045FDE5 /* Build configuration list for PBXProject "Todo App" */ = {
			isa = XCConfigurationList;
			buildConfigurations = (
				E7A49AB12ACE902C0045FDE5 /* Debug */,
				E7A49AB22ACE902C0045FDE5 /* Release */,
			);
			defaultConfigurationIsVisible = 0;
			defaultConfigurationName = Release;
		};
		E7A49AB32ACE902C0045FDE5 /* Build configuration list for PBXNativeTarget "Todo App" */ = {
			isa = XCConfigurationList;
			buildConfigurations = (
				E7A49AB42ACE902C0045FDE5 /* Debug */,
				E7A49AB52ACE902C0045FDE5 /* Release */,
			);
			defaultConfigurationIsVisible = 0;
			defaultConfigurationName = Release;
		};
/* End XCConfigurationList section */

/* Begin XCRemoteSwiftPackageReference section */
		E7A05DB22AD3C88F00BD4FC5 /* XCRemoteSwiftPackageReference "realm-swift" */ = {
			isa = XCRemoteSwiftPackageReference;
			repositoryURL = "https://github.com/realm/realm-swift.git";
			requirement = {
				kind = upToNextMajorVersion;
				minimumVersion = 10.43.0;
			};
		};
/* End XCRemoteSwiftPackageReference section */

/* Begin XCSwiftPackageProductDependency section */
		E7A05DB32AD3C88F00BD4FC5 /* Realm */ = {
			isa = XCSwiftPackageProductDependency;
			package = E7A05DB22AD3C88F00BD4FC5 /* XCRemoteSwiftPackageReference "realm-swift" */;
			productName = Realm;
		};
		E7A05DB52AD3C88F00BD4FC5 /* RealmSwift */ = {
			isa = XCSwiftPackageProductDependency;
			package = E7A05DB22AD3C88F00BD4FC5 /* XCRemoteSwiftPackageReference "realm-swift" */;
			productName = RealmSwift;
		};
/* End XCSwiftPackageProductDependency section */
	};
	rootObject = E7A49A972ACE902A0045FDE5 /* Project object */;
}
